// !$*UTF8*$!
{
	archiveVersion = 1;
	classes = {
	};
	objectVersion = 48;
	objects = {

/* Begin PBXBuildFile section */
		20B2AAF0206B30DA00581260 /* AppDelegate.m in Sources */ = {isa = PBXBuildFile; fileRef = 20B2AAEF206B30DA00581260 /* AppDelegate.m */; };
		20B2AAF3206B30DA00581260 /* ViewController.m in Sources */ = {isa = PBXBuildFile; fileRef = 20B2AAF2206B30DA00581260 /* ViewController.m */; };
		20B2AAF6206B30DA00581260 /* Main.storyboard in Resources */ = {isa = PBXBuildFile; fileRef = 20B2AAF4206B30DA00581260 /* Main.storyboard */; };
		20B2AAF8206B30DA00581260 /* Assets.xcassets in Resources */ = {isa = PBXBuildFile; fileRef = 20B2AAF7206B30DA00581260 /* Assets.xcassets */; };
		20B2AAFB206B30DA00581260 /* LaunchScreen.storyboard in Resources */ = {isa = PBXBuildFile; fileRef = 20B2AAF9206B30DA00581260 /* LaunchScreen.storyboard */; };
		20B2AAFE206B30DA00581260 /* main.m in Sources */ = {isa = PBXBuildFile; fileRef = 20B2AAFD206B30DA00581260 /* main.m */; };
		20B2AB09206B31EA00581260 /* XYPanView.m in Sources */ = {isa = PBXBuildFile; fileRef = 20B2AB08206B31EA00581260 /* XYPanView.m */; };
		20B2AB0C206B433000581260 /* XYCell.m in Sources */ = {isa = PBXBuildFile; fileRef = 20B2AB0B206B433000581260 /* XYCell.m */; };
		20B2AB0F206B43B300581260 /* XYTimeAxisView.m in Sources */ = {isa = PBXBuildFile; fileRef = 20B2AB0E206B43B300581260 /* XYTimeAxisView.m */; };
		20B2AB12206CB13400581260 /* XYFirstViewController.m in Sources */ = {isa = PBXBuildFile; fileRef = 20B2AB11206CB13400581260 /* XYFirstViewController.m */; };
		20B2AB15206CB5D900581260 /* UIView+WingFrameExtension.m in Sources */ = {isa = PBXBuildFile; fileRef = 20B2AB14206CB5D900581260 /* UIView+WingFrameExtension.m */; };
		20B2AB18206CCC6100581260 /* XYTimeAxisCell.m in Sources */ = {isa = PBXBuildFile; fileRef = 20B2AB17206CCC6100581260 /* XYTimeAxisCell.m */; };
/* End PBXBuildFile section */

/* Begin PBXFileReference section */
		20B2AAEB206B30DA00581260 /* Test.app */ = {isa = PBXFileReference; explicitFileType = wrapper.application; includeInIndex = 0; path = Test.app; sourceTree = BUILT_PRODUCTS_DIR; };
		20B2AAEE206B30DA00581260 /* AppDelegate.h */ = {isa = PBXFileReference; lastKnownFileType = sourcecode.c.h; path = AppDelegate.h; sourceTree = "<group>"; };
		20B2AAEF206B30DA00581260 /* AppDelegate.m */ = {isa = PBXFileReference; lastKnownFileType = sourcecode.c.objc; path = AppDelegate.m; sourceTree = "<group>"; };
		20B2AAF1206B30DA00581260 /* ViewController.h */ = {isa = PBXFileReference; lastKnownFileType = sourcecode.c.h; path = ViewController.h; sourceTree = "<group>"; };
		20B2AAF2206B30DA00581260 /* ViewController.m */ = {isa = PBXFileReference; lastKnownFileType = sourcecode.c.objc; path = ViewController.m; sourceTree = "<group>"; };
		20B2AAF5206B30DA00581260 /* Base */ = {isa = PBXFileReference; lastKnownFileType = file.storyboard; name = Base; path = Base.lproj/Main.storyboard; sourceTree = "<group>"; };
		20B2AAF7206B30DA00581260 /* Assets.xcassets */ = {isa = PBXFileReference; lastKnownFileType = folder.assetcatalog; path = Assets.xcassets; sourceTree = "<group>"; };
		20B2AAFA206B30DA00581260 /* Base */ = {isa = PBXFileReference; lastKnownFileType = file.storyboard; name = Base; path = Base.lproj/LaunchScreen.storyboard; sourceTree = "<group>"; };
		20B2AAFC206B30DA00581260 /* Info.plist */ = {isa = PBXFileReference; lastKnownFileType = text.plist.xml; path = Info.plist; sourceTree = "<group>"; };
		20B2AAFD206B30DA00581260 /* main.m */ = {isa = PBXFileReference; lastKnownFileType = sourcecode.c.objc; path = main.m; sourceTree = "<group>"; };
		20B2AB07206B31EA00581260 /* XYPanView.h */ = {isa = PBXFileReference; lastKnownFileType = sourcecode.c.h; path = XYPanView.h; sourceTree = "<group>"; };
		20B2AB08206B31EA00581260 /* XYPanView.m */ = {isa = PBXFileReference; lastKnownFileType = sourcecode.c.objc; path = XYPanView.m; sourceTree = "<group>"; };
		20B2AB0A206B433000581260 /* XYCell.h */ = {isa = PBXFileReference; lastKnownFileType = sourcecode.c.h; path = XYCell.h; sourceTree = "<group>"; };
		20B2AB0B206B433000581260 /* XYCell.m */ = {isa = PBXFileReference; lastKnownFileType = sourcecode.c.objc; path = XYCell.m; sourceTree = "<group>"; };
		20B2AB0D206B43B300581260 /* XYTimeAxisView.h */ = {isa = PBXFileReference; lastKnownFileType = sourcecode.c.h; path = XYTimeAxisView.h; sourceTree = "<group>"; };
		20B2AB0E206B43B300581260 /* XYTimeAxisView.m */ = {isa = PBXFileReference; lastKnownFileType = sourcecode.c.objc; path = XYTimeAxisView.m; sourceTree = "<group>"; };
		20B2AB10206CB13400581260 /* XYFirstViewController.h */ = {isa = PBXFileReference; lastKnownFileType = sourcecode.c.h; path = XYFirstViewController.h; sourceTree = "<group>"; };
		20B2AB11206CB13400581260 /* XYFirstViewController.m */ = {isa = PBXFileReference; lastKnownFileType = sourcecode.c.objc; path = XYFirstViewController.m; sourceTree = "<group>"; };
		20B2AB13206CB5D900581260 /* UIView+WingFrameExtension.h */ = {isa = PBXFileReference; fileEncoding = 4; lastKnownFileType = sourcecode.c.h; path = "UIView+WingFrameExtension.h"; sourceTree = "<group>"; };
		20B2AB14206CB5D900581260 /* UIView+WingFrameExtension.m */ = {isa = PBXFileReference; fileEncoding = 4; lastKnownFileType = sourcecode.c.objc; path = "UIView+WingFrameExtension.m"; sourceTree = "<group>"; };
		20B2AB16206CCC6100581260 /* XYTimeAxisCell.h */ = {isa = PBXFileReference; lastKnownFileType = sourcecode.c.h; path = XYTimeAxisCell.h; sourceTree = "<group>"; };
		20B2AB17206CCC6100581260 /* XYTimeAxisCell.m */ = {isa = PBXFileReference; lastKnownFileType = sourcecode.c.objc; path = XYTimeAxisCell.m; sourceTree = "<group>"; };
/* End PBXFileReference section */

/* Begin PBXFrameworksBuildPhase section */
		20B2AAE8206B30DA00581260 /* Frameworks */ = {
			isa = PBXFrameworksBuildPhase;
			buildActionMask = 2147483647;
			files = (
			);
			runOnlyForDeploymentPostprocessing = 0;
		};
/* End PBXFrameworksBuildPhase section */

/* Begin PBXGroup section */
		20B2AAE2206B30DA00581260 = {
			isa = PBXGroup;
			children = (
				20B2AAED206B30DA00581260 /* Test */,
				20B2AAEC206B30DA00581260 /* Products */,
			);
			sourceTree = "<group>";
		};
		20B2AAEC206B30DA00581260 /* Products */ = {
			isa = PBXGroup;
			children = (
				20B2AAEB206B30DA00581260 /* Test.app */,
			);
			name = Products;
			sourceTree = "<group>";
		};
		20B2AAED206B30DA00581260 /* Test */ = {
			isa = PBXGroup;
			children = (
				20B2AB13206CB5D900581260 /* UIView+WingFrameExtension.h */,
				20B2AB14206CB5D900581260 /* UIView+WingFrameExtension.m */,
				20B2AAEE206B30DA00581260 /* AppDelegate.h */,
				20B2AAEF206B30DA00581260 /* AppDelegate.m */,
				20B2AAF1206B30DA00581260 /* ViewController.h */,
				20B2AAF2206B30DA00581260 /* ViewController.m */,
				20B2AB10206CB13400581260 /* XYFirstViewController.h */,
				20B2AB11206CB13400581260 /* XYFirstViewController.m */,
				20B2AB07206B31EA00581260 /* XYPanView.h */,
				20B2AB08206B31EA00581260 /* XYPanView.m */,
				20B2AB0A206B433000581260 /* XYCell.h */,
				20B2AB0B206B433000581260 /* XYCell.m */,
				20B2AB0D206B43B300581260 /* XYTimeAxisView.h */,
				20B2AB0E206B43B300581260 /* XYTimeAxisView.m */,
				20B2AB16206CCC6100581260 /* XYTimeAxisCell.h */,
				20B2AB17206CCC6100581260 /* XYTimeAxisCell.m */,
				20B2AAF4206B30DA00581260 /* Main.storyboard */,
				20B2AAF7206B30DA00581260 /* Assets.xcassets */,
				20B2AAF9206B30DA00581260 /* LaunchScreen.storyboard */,
				20B2AAFC206B30DA00581260 /* Info.plist */,
				20B2AAFD206B30DA00581260 /* main.m */,
			);
			path = Test;
			sourceTree = "<group>";
		};
/* End PBXGroup section */

/* Begin PBXNativeTarget section */
		20B2AAEA206B30DA00581260 /* Test */ = {
			isa = PBXNativeTarget;
			buildConfigurationList = 20B2AB01206B30DA00581260 /* Build configuration list for PBXNativeTarget "Test" */;
			buildPhases = (
				20B2AAE7206B30DA00581260 /* Sources */,
				20B2AAE8206B30DA00581260 /* Frameworks */,
				20B2AAE9206B30DA00581260 /* Resources */,
			);
			buildRules = (
			);
			dependencies = (
			);
			name = Test;
			productName = Test;
			productReference = 20B2AAEB206B30DA00581260 /* Test.app */;
			productType = "com.apple.product-type.application";
		};
/* End PBXNativeTarget section */

/* Begin PBXProject section */
		20B2AAE3206B30DA00581260 /* Project object */ = {
			isa = PBXProject;
			attributes = {
				LastUpgradeCheck = 0910;
				ORGANIZATIONNAME = wing;
				TargetAttributes = {
					20B2AAEA206B30DA00581260 = {
						CreatedOnToolsVersion = 9.1;
						ProvisioningStyle = Automatic;
					};
				};
			};
			buildConfigurationList = 20B2AAE6206B30DA00581260 /* Build configuration list for PBXProject "Test" */;
			compatibilityVersion = "Xcode 8.0";
			developmentRegion = en;
			hasScannedForEncodings = 0;
			knownRegions = (
				en,
				Base,
			);
			mainGroup = 20B2AAE2206B30DA00581260;
			productRefGroup = 20B2AAEC206B30DA00581260 /* Products */;
			projectDirPath = "";
			projectRoot = "";
			targets = (
				20B2AAEA206B30DA00581260 /* Test */,
			);
		};
/* End PBXProject section */

/* Begin PBXResourcesBuildPhase section */
		20B2AAE9206B30DA00581260 /* Resources */ = {
			isa = PBXResourcesBuildPhase;
			buildActionMask = 2147483647;
			files = (
				20B2AAFB206B30DA00581260 /* LaunchScreen.storyboard in Resources */,
				20B2AAF8206B30DA00581260 /* Assets.xcassets in Resources */,
				20B2AAF6206B30DA00581260 /* Main.storyboard in Resources */,
			);
			runOnlyForDeploymentPostprocessing = 0;
		};
/* End PBXResourcesBuildPhase section */

/* Begin PBXSourcesBuildPhase section */
		20B2AAE7206B30DA00581260 /* Sources */ = {
			isa = PBXSourcesBuildPhase;
			buildActionMask = 2147483647;
			files = (
				20B2AAF3206B30DA00581260 /* ViewController.m in Sources */,
				20B2AB09206B31EA00581260 /* XYPanView.m in Sources */,
				20B2AAFE206B30DA00581260 /* main.m in Sources */,
				20B2AB0C206B433000581260 /* XYCell.m in Sources */,
				20B2AB12206CB13400581260 /* XYFirstViewController.m in Sources */,
				20B2AAF0206B30DA00581260 /* AppDelegate.m in Sources */,
				20B2AB0F206B43B300581260 /* XYTimeAxisView.m in Sources */,
				20B2AB15206CB5D900581260 /* UIView+WingFrameExtension.m in Sources */,
				20B2AB18206CCC6100581260 /* XYTimeAxisCell.m in Sources */,
			);
			runOnlyForDeploymentPostprocessing = 0;
		};
/* End PBXSourcesBuildPhase section */

/* Begin PBXVariantGroup section */
		20B2AAF4206B30DA00581260 /* Main.storyboard */ = {
			isa = PBXVariantGroup;
			children = (
				20B2AAF5206B30DA00581260 /* Base */,
			);
			name = Main.storyboard;
			sourceTree = "<group>";
		};
		20B2AAF9206B30DA00581260 /* LaunchScreen.storyboard */ = {
			isa = PBXVariantGroup;
			children = (
				20B2AAFA206B30DA00581260 /* Base */,
			);
			name = LaunchScreen.storyboard;
			sourceTree = "<group>";
		};
/* End PBXVariantGroup section */

/* Begin XCBuildConfiguration section */
		20B2AAFF206B30DA00581260 /* Debug */ = {
			isa = XCBuildConfiguration;
			buildSettings = {
				ALWAYS_SEARCH_USER_PATHS = NO;
				CLANG_ANALYZER_NONNULL = YES;
				CLANG_ANALYZER_NUMBER_OBJECT_CONVERSION = YES_AGGRESSIVE;
				CLANG_CXX_LANGUAGE_STANDARD = "gnu++14";
				CLANG_CXX_LIBRARY = "libc++";
				CLANG_ENABLE_MODULES = YES;
				CLANG_ENABLE_OBJC_ARC = YES;
				CLANG_WARN_BLOCK_CAPTURE_AUTORELEASING = YES;
				CLANG_WARN_BOOL_CONVERSION = YES;
				CLANG_WARN_COMMA = YES;
				CLANG_WARN_CONSTANT_CONVERSION = YES;
				CLANG_WARN_DIRECT_OBJC_ISA_USAGE = YES_ERROR;
				CLANG_WARN_DOCUMENTATION_COMMENTS = YES;
				CLANG_WARN_EMPTY_BODY = YES;
				CLANG_WARN_ENUM_CONVERSION = YES;
				CLANG_WARN_INFINITE_RECURSION = YES;
				CLANG_WARN_INT_CONVERSION = YES;
				CLANG_WARN_NON_LITERAL_NULL_CONVERSION = YES;
				CLANG_WARN_OBJC_LITERAL_CONVERSION = YES;
				CLANG_WARN_OBJC_ROOT_CLASS = YES_ERROR;
				CLANG_WARN_RANGE_LOOP_ANALYSIS = YES;
				CLANG_WARN_STRICT_PROTOTYPES = YES;
				CLANG_WARN_SUSPICIOUS_MOVE = YES;
				CLANG_WARN_UNGUARDED_AVAILABILITY = YES_AGGRESSIVE;
				CLANG_WARN_UNREACHABLE_CODE = YES;
				CLANG_WARN__DUPLICATE_METHOD_MATCH = YES;
				CODE_SIGN_IDENTITY = "iPhone Developer";
				COPY_PHASE_STRIP = NO;
				DEBUG_INFORMATION_FORMAT = dwarf;
				ENABLE_STRICT_OBJC_MSGSEND = YES;
				ENABLE_TESTABILITY = YES;
				GCC_C_LANGUAGE_STANDARD = gnu11;
				GCC_DYNAMIC_NO_PIC = NO;
				GCC_NO_COMMON_BLOCKS = YES;
				GCC_OPTIMIZATION_LEVEL = 0;
				GCC_PREPROCESSOR_DEFINITIONS = (
					"DEBUG=1",
					"$(inherited)",
				);
				GCC_WARN_64_TO_32_BIT_CONVERSION = YES;
				GCC_WARN_ABOUT_RETURN_TYPE = YES_ERROR;
				GCC_WARN_UNDECLARED_SELECTOR = YES;
				GCC_WARN_UNINITIALIZED_AUTOS = YES_AGGRESSIVE;
				GCC_WARN_UNUSED_FUNCTION = YES;
				GCC_WARN_UNUSED_VARIABLE = YES;
				IPHONEOS_DEPLOYMENT_TARGET = 11.1;
				MTL_ENABLE_DEBUG_INFO = YES;
				ONLY_ACTIVE_ARCH = YES;
				SDKROOT = iphoneos;
			};
			name = Debug;
		};
		20B2AB00206B30DA00581260 /* Release */ = {
			isa = XCBuildConfiguration;
			buildSettings = {
				ALWAYS_SEARCH_USER_PATHS = NO;
				CLANG_ANALYZER_NONNULL = YES;
				CLANG_ANALYZER_NUMBER_OBJECT_CONVERSION = YES_AGGRESSIVE;
				CLANG_CXX_LANGUAGE_STANDARD = "gnu++14";
				CLANG_CXX_LIBRARY = "libc++";
				CLANG_ENABLE_MODULES = YES;
				CLANG_ENABLE_OBJC_ARC = YES;
				CLANG_WARN_BLOCK_CAPTURE_AUTORELEASING = YES;
				CLANG_WARN_BOOL_CONVERSION = YES;
				CLANG_WARN_COMMA = YES;
				CLANG_WARN_CONSTANT_CONVERSION = YES;
				CLANG_WARN_DIRECT_OBJC_ISA_USAGE = YES_ERROR;
				CLANG_WARN_DOCUMENTATION_COMMENTS = YES;
				CLANG_WARN_EMPTY_BODY = YES;
				CLANG_WARN_ENUM_CONVERSION = YES;
				CLANG_WARN_INFINITE_RECURSION = YES;
				CLANG_WARN_INT_CONVERSION = YES;
				CLANG_WARN_NON_LITERAL_NULL_CONVERSION = YES;
				CLANG_WARN_OBJC_LITERAL_CONVERSION = YES;
				CLANG_WARN_OBJC_ROOT_CLASS = YES_ERROR;
				CLANG_WARN_RANGE_LOOP_ANALYSIS = YES;
				CLANG_WARN_STRICT_PROTOTYPES = YES;
				CLANG_WARN_SUSPICIOUS_MOVE = YES;
				CLANG_WARN_UNGUARDED_AVAILABILITY = YES_AGGRESSIVE;
				CLANG_WARN_UNREACHABLE_CODE = YES;
				CLANG_WARN__DUPLICATE_METHOD_MATCH = YES;
				CODE_SIGN_IDENTITY = "iPhone Developer";
				COPY_PHASE_STRIP = NO;
				DEBUG_INFORMATION_FORMAT = "dwarf-with-dsym";
				ENABLE_NS_ASSERTIONS = NO;
				ENABLE_STRICT_OBJC_MSGSEND = YES;
				GCC_C_LANGUAGE_STANDARD = gnu11;
				GCC_NO_COMMON_BLOCKS = YES;
				GCC_WARN_64_TO_32_BIT_CONVERSION = YES;
				GCC_WARN_ABOUT_RETURN_TYPE = YES_ERROR;
				GCC_WARN_UNDECLARED_SELECTOR = YES;
				GCC_WARN_UNINITIALIZED_AUTOS = YES_AGGRESSIVE;
				GCC_WARN_UNUSED_FUNCTION = YES;
				GCC_WARN_UNUSED_VARIABLE = YES;
				IPHONEOS_DEPLOYMENT_TARGET = 11.1;
				MTL_ENABLE_DEBUG_INFO = NO;
				SDKROOT = iphoneos;
				VALIDATE_PRODUCT = YES;
			};
			name = Release;
		};
		20B2AB02206B30DA00581260 /* Debug */ = {
			isa = XCBuildConfiguration;
			buildSettings = {
				ASSETCATALOG_COMPILER_APPICON_NAME = AppIcon;
				CODE_SIGN_STYLE = Automatic;
				DEVELOPMENT_TEAM = 79NTHX7F84;
				INFOPLIST_FILE = Test/Info.plist;
				LD_RUNPATH_SEARCH_PATHS = "$(inherited) @executable_path/Frameworks";
				PRODUCT_BUNDLE_IDENTIFIER = com.yuncai.Test;
				PRODUCT_NAME = "$(TARGET_NAME)";
				TARGETED_DEVICE_FAMILY = "1,2";
			};
			name = Debug;
		};
		20B2AB03206B30DA00581260 /* Release */ = {
			isa = XCBuildConfiguration;
			buildSettings = {
				ASSETCATALOG_COMPILER_APPICON_NAME = AppIcon;
				CODE_SIGN_STYLE = Automatic;
				DEVELOPMENT_TEAM = 79NTHX7F84;
				INFOPLIST_FILE = Test/Info.plist;
				LD_RUNPATH_SEARCH_PATHS = "$(inherited) @executable_path/Frameworks";
				PRODUCT_BUNDLE_IDENTIFIER = com.yuncai.Test;
				PRODUCT_NAME = "$(TARGET_NAME)";
				TARGETED_DEVICE_FAMILY = "1,2";
			};
			name = Release;
		};
/* End XCBuildConfiguration section */

/* Begin XCConfigurationList section */
		20B2AAE6206B30DA00581260 /* Build configuration list for PBXProject "Test" */ = {
			isa = XCConfigurationList;
			buildConfigurations = (
				20B2AAFF206B30DA00581260 /* Debug */,
				20B2AB00206B30DA00581260 /* Release */,
			);
			defaultConfigurationIsVisible = 0;
			defaultConfigurationName = Release;
		};
		20B2AB01206B30DA00581260 /* Build configuration list for PBXNativeTarget "Test" */ = {
			isa = XCConfigurationList;
			buildConfigurations = (
				20B2AB02206B30DA00581260 /* Debug */,
				20B2AB03206B30DA00581260 /* Release */,
			);
			defaultConfigurationIsVisible = 0;
			defaultConfigurationName = Release;
		};
/* End XCConfigurationList section */
	};
	rootObject = 20B2AAE3206B30DA00581260 /* Project object */;
}
